
Microsoft Visual Studio Solution File, Format Version 12.00
# Visual Studio 15
VisualStudioVersion = 15.0.28307.421
MinimumVisualStudioVersion = 10.0.40219.1
Project("{00D1A9C2-B5F0-4AF3-8072-F6C62B433612}") = "PoliDB", "PoliDB\PoliDB.sqlproj", "{DEF8007D-3140-4E3A-9AB8-9D3F6A105500}"
EndProject
Global
	GlobalSection(SolutionConfigurationPlatforms) = preSolution
		Debug|Any CPU = Debug|Any CPU
		Release|Any CPU = Release|Any CPU
	EndGlobalSection
	GlobalSection(ProjectConfigurationPlatforms) = postSolution
		{DEF8007D-3140-4E3A-9AB8-9D3F6A105500}.Debug|Any CPU.ActiveCfg = Debug|Any CPU
		{DEF8007D-3140-4E3A-9AB8-9D3F6A105500}.Debug|Any CPU.Build.0 = Debug|Any CPU
		{DEF8007D-3140-4E3A-9AB8-9D3F6A105500}.Debug|Any CPU.Deploy.0 = Debug|Any CPU
		{DEF8007D-3140-4E3A-9AB8-9D3F6A105500}.Release|Any CPU.ActiveCfg = Release|Any CPU
		{DEF8007D-3140-4E3A-9AB8-9D3F6A105500}.Release|Any CPU.Build.0 = Release|Any CPU
		{DEF8007D-3140-4E3A-9AB8-9D3F6A105500}.Release|Any CPU.Deploy.0 = Release|Any CPU
	EndGlobalSection
	GlobalSection(SolutionProperties) = preSolution
		HideSolutionNode = FALSE
	EndGlobalSection
	GlobalSection(ExtensibilityGlobals) = postSolution
		SolutionGuid = {F04E829B-F526-4E13-B80B-C4706FD0E45A}
	EndGlobalSection
EndGlobal
