
Microsoft Visual Studio Solution File, Format Version 12.00
# Visual Studio 15
VisualStudioVersion = 15.0.28307.421
MinimumVisualStudioVersion = 10.0.40219.1
Project("{888888A0-9F3D-457C-B088-3A5042F75D52}") = "PoliTech", "PoliTech\PoliTech.pyproj", "{694BC2F2-5956-4599-998D-06B3CF7843BD}"
EndProject
Global
	GlobalSection(SolutionConfigurationPlatforms) = preSolution
		Debug|Any CPU = Debug|Any CPU
		Release|Any CPU = Release|Any CPU
	EndGlobalSection
	GlobalSection(ProjectConfigurationPlatforms) = postSolution
		{694BC2F2-5956-4599-998D-06B3CF7843BD}.Debug|Any CPU.ActiveCfg = Debug|Any CPU
		{694BC2F2-5956-4599-998D-06B3CF7843BD}.Debug|Any CPU.Build.0 = Debug|Any CPU
		{694BC2F2-5956-4599-998D-06B3CF7843BD}.Release|Any CPU.ActiveCfg = Release|Any CPU
		{694BC2F2-5956-4599-998D-06B3CF7843BD}.Release|Any CPU.Build.0 = Release|Any CPU
	EndGlobalSection
	GlobalSection(SolutionProperties) = preSolution
		HideSolutionNode = FALSE
	EndGlobalSection
	GlobalSection(ExtensibilityGlobals) = postSolution
		SolutionGuid = {F04E829B-F526-4E13-B80B-C4706FD0E45A}
	EndGlobalSection
EndGlobal
